hash: bab0023324e98f11f995c39c345633a2596662b650e7df0ecd4da5a07804b3b8
updated: 2017-02-06T18:10:18.930052881-05:00
imports:
- name: github.com/aokoli/goutils
  version: 9c37978a95bd5c709a15883b6242714ea6709e64
- name: github.com/bcaldwell/go-printer
  version: 02c5cdb1f2fe20c640b0b0a023debdc6a03fab26
- name: github.com/bcaldwell/go-sh
  version: 67160723b5733b6fbc9ade3a75126bc558867666
  subpackages:
  - mock
- name: github.com/ghodss/yaml
  version: 04f313413ffd65ce25f2541bfd2b2ceec5c0908c
- name: github.com/Masterminds/sprig
  version: 69011c0cd9b4d2e0733c4d9e2c8e2a5a0d0a2f2f
- name: github.com/satori/go.uuid
  version: 879c5887cd475cd7864858769793b2ceb0d44feb
- name: github.com/spf13/afero
  version: 72b31426848c6ef12a7a8e216708cb0d1530f074
  subpackages:
  - mem
- name: github.com/urfave/cli
  version: 0bdeddeeb0f650497d603c4ad7b20cfe685682f6
- name: golang.org/x/text
  version: 506f9d5c962f284575e88337e7d9296d27e729d3
  subpackages:
  - transform
  - unicode/norm
- name: gopkg.in/yaml.v2
  version: 4c78c975fe7c825c6d1466c42be594d1d6f3aba6
testImports:
- name: github.com/gopherjs/gopherjs
  version: 2d0acd02933cf349b065398c73490a14f7d9bada
  subpackages:
  - js
- name: github.com/jtolds/gls
  version: bb0351aa7eb6f322f32667d51375f26a2bca6628
- name: github.com/smartystreets/assertions
  version: 26acb9229f421449ac63d014995b282d59261a8b
  subpackages:
  - internal/go-render/render
  - internal/oglematchers
- name: github.com/smartystreets/goconvey
  version: d4c757aa9afd1e2fc1832aaab209b5794eb336e1
  subpackages:
  - convey
  - convey/gotest
  - convey/reporting
