hash: dd12c524d2353ba3e66f45ac5b518ad7b59979c7c53dcef06cc4163db1459792
updated: 2017-01-08T09:26:38.012761593-05:00
imports:
- name: github.com/benjamincaldwell/devctl
  version: 3474fbd46492dc35727fed4e955175b2843353a6
  repo: git@github.com:benjamincaldwell/devctl.git
  subpackages:
  - printer
  - shell
- name: gopkg.in/yaml.v2
  version: a83829b6f1293c91addabc89d0571c246397bbf4
testImports: []
